
Microsoft Visual Studio Solution File, Format Version 12.00
# Visual Studio 15
VisualStudioVersion = 15.0.27130.2027
MinimumVisualStudioVersion = 10.0.40219.1
Project("{9A19103F-16F7-4668-BE54-9A1E7A4F7556}") = "AwsSkills.Lambda", "src\AwsSkills-Lambda\AwsSkills.Lambda.csproj", "{D2E3DA9E-AE03-4864-BB6F-2E441A1B2C3B}"
EndProject
Project("{2150E333-8FDC-42A3-9474-1A3956D46DE8}") = "Solution Items", "Solution Items", "{C87BE70F-1A1E-4F48-9D7D-E7CF36AE1262}"
	ProjectSection(SolutionItems) = preProject
		Readme.md = Readme.md
	EndProjectSection
EndProject
Project("{9A19103F-16F7-4668-BE54-9A1E7A4F7556}") = "AwsSkills.Common", "AWsSkills.Common\AwsSkills.Common.csproj", "{68B0AE31-42A9-40B8-BAF7-ABB8D017028C}"
EndProject
Global
	GlobalSection(SolutionConfigurationPlatforms) = preSolution
		Debug|Any CPU = Debug|Any CPU
		Release|Any CPU = Release|Any CPU
	EndGlobalSection
	GlobalSection(ProjectConfigurationPlatforms) = postSolution
		{D2E3DA9E-AE03-4864-BB6F-2E441A1B2C3B}.Debug|Any CPU.ActiveCfg = Debug|Any CPU
		{D2E3DA9E-AE03-4864-BB6F-2E441A1B2C3B}.Debug|Any CPU.Build.0 = Debug|Any CPU
		{D2E3DA9E-AE03-4864-BB6F-2E441A1B2C3B}.Release|Any CPU.ActiveCfg = Release|Any CPU
		{D2E3DA9E-AE03-4864-BB6F-2E441A1B2C3B}.Release|Any CPU.Build.0 = Release|Any CPU
		{68B0AE31-42A9-40B8-BAF7-ABB8D017028C}.Debug|Any CPU.ActiveCfg = Debug|Any CPU
		{68B0AE31-42A9-40B8-BAF7-ABB8D017028C}.Debug|Any CPU.Build.0 = Debug|Any CPU
		{68B0AE31-42A9-40B8-BAF7-ABB8D017028C}.Release|Any CPU.ActiveCfg = Release|Any CPU
		{68B0AE31-42A9-40B8-BAF7-ABB8D017028C}.Release|Any CPU.Build.0 = Release|Any CPU
	EndGlobalSection
	GlobalSection(SolutionProperties) = preSolution
		HideSolutionNode = FALSE
	EndGlobalSection
	GlobalSection(ExtensibilityGlobals) = postSolution
		SolutionGuid = {672C814A-D92D-4BF5-A083-3569D058D590}
	EndGlobalSection
EndGlobal
